
Microsoft Visual Studio Solution File, Format Version 12.00
# Visual Studio Version 16
VisualStudioVersion = 16.0.30011.22
MinimumVisualStudioVersion = 10.0.40219.1
Project("{9A19103F-16F7-4668-BE54-9A1E7A4F7556}") = "MonoGame.Framework.Wpf.Core", "MonoGame.Framework.Wpf.Core\MonoGame.Framework.Wpf.Core.csproj", "{105DD955-77B8-4844-B701-69810F27E734}"
EndProject
Project("{9A19103F-16F7-4668-BE54-9A1E7A4F7556}") = "WpfTest", "MonoGame.Framework.Wpf.Core.Test\WpfTest.csproj", "{775F6DE5-6F81-4964-ACB1-6565F7ECD695}"
EndProject
Global
	GlobalSection(SolutionConfigurationPlatforms) = preSolution
		Debug|Any CPU = Debug|Any CPU
		Release|Any CPU = Release|Any CPU
	EndGlobalSection
	GlobalSection(ProjectConfigurationPlatforms) = postSolution
		{105DD955-77B8-4844-B701-69810F27E734}.Debug|Any CPU.ActiveCfg = Debug|Any CPU
		{105DD955-77B8-4844-B701-69810F27E734}.Debug|Any CPU.Build.0 = Debug|Any CPU
		{105DD955-77B8-4844-B701-69810F27E734}.Release|Any CPU.ActiveCfg = Release|Any CPU
		{105DD955-77B8-4844-B701-69810F27E734}.Release|Any CPU.Build.0 = Release|Any CPU
		{775F6DE5-6F81-4964-ACB1-6565F7ECD695}.Debug|Any CPU.ActiveCfg = Debug|Any CPU
		{775F6DE5-6F81-4964-ACB1-6565F7ECD695}.Debug|Any CPU.Build.0 = Debug|Any CPU
		{775F6DE5-6F81-4964-ACB1-6565F7ECD695}.Release|Any CPU.ActiveCfg = Release|Any CPU
		{775F6DE5-6F81-4964-ACB1-6565F7ECD695}.Release|Any CPU.Build.0 = Release|Any CPU
	EndGlobalSection
	GlobalSection(SolutionProperties) = preSolution
		HideSolutionNode = FALSE
	EndGlobalSection
	GlobalSection(ExtensibilityGlobals) = postSolution
		SolutionGuid = {52DA0309-696A-479E-9304-93A3AF3C6CCB}
	EndGlobalSection
EndGlobal
