
Microsoft Visual Studio Solution File, Format Version 12.00
# Visual Studio Version 16
VisualStudioVersion = 16.0.30011.22
MinimumVisualStudioVersion = 10.0.40219.1
Project("{9A19103F-16F7-4668-BE54-9A1E7A4F7556}") = "GameEstate", "GameEstate\GameEstate.csproj", "{A73CD2FF-37E0-470C-A984-A62157129417}"
EndProject
Project("{9A19103F-16F7-4668-BE54-9A1E7A4F7556}") = "GameEstate.Tests", "GameEstate.Tests\GameEstate.Tests.csproj", "{A1121100-B59F-4A9C-BC49-3530A72B8D5A}"
EndProject
Project("{9A19103F-16F7-4668-BE54-9A1E7A4F7556}") = "GameEstate.Cli", "GameEstate.Cli\GameEstate.Cli.csproj", "{9BA30615-1865-4174-A737-5FEC83D982CB}"
EndProject
Project("{9A19103F-16F7-4668-BE54-9A1E7A4F7556}") = "GameEstate.Abstract", "GameEstate.Abstract\GameEstate.Abstract.csproj", "{F8F2B771-E739-4C39-B099-F81E676C2D29}"
EndProject
Project("{9A19103F-16F7-4668-BE54-9A1E7A4F7556}") = "GameEstate.App.Explorer", "GameEstate.App.Explorer\GameEstate.App.Explorer.csproj", "{0590D5FA-7CE8-4794-99BB-00229725151F}"
EndProject
Project("{9A19103F-16F7-4668-BE54-9A1E7A4F7556}") = "GameEstate.Graphics.GLControl", "GameEstate.Graphics.GLControl\GameEstate.Graphics.GLControl.csproj", "{3B1FD93A-9CF4-4C12-BE3B-A779A56A4C70}"
EndProject
Project("{2150E333-8FDC-42A3-9474-1A3956D46DE8}") = "3rd", "3rd", "{AFB380A5-D6A4-4F27-855B-83067427F08E}"
EndProject
Project("{9A19103F-16F7-4668-BE54-9A1E7A4F7556}") = "OpenTK.GLControl", "..\src.3rd\OpenTK.GLControl\OpenTK.GLControl.csproj", "{C13754B8-DB51-47F2-8FD0-D0D81826F4F8}"
EndProject
Project("{9A19103F-16F7-4668-BE54-9A1E7A4F7556}") = "GameEstate.Graphics", "GameEstate.Graphics\GameEstate.Graphics.csproj", "{D4451B5A-D418-4A99-9D9B-22674DC3CF51}"
EndProject
Project("{9A19103F-16F7-4668-BE54-9A1E7A4F7556}") = "GameEstate.App.UnityEngine", "GameEstate.App.UnityEngine\GameEstate.App.UnityEngine.csproj", "{D01F2761-9C4A-4BA2-82BD-2144457C8EC4}"
EndProject
Project("{9A19103F-16F7-4668-BE54-9A1E7A4F7556}") = "GameEstate.Formats", "GameEstate.Formats\GameEstate.Formats.csproj", "{5CA07DF8-1CF0-4ACD-B1D9-A6E49F3BD551}"
EndProject
Project("{9A19103F-16F7-4668-BE54-9A1E7A4F7556}") = "GameEstate.Modules", "GameEstate.Modules\GameEstate.Modules.csproj", "{7F08D017-6C49-4747-8194-360AA9CB807C}"
EndProject
Project("{9A19103F-16F7-4668-BE54-9A1E7A4F7556}") = "GameEstate.App.OpenGL", "GameEstate.App.OpenGL\GameEstate.App.OpenGL.csproj", "{A4D81DFA-6FFA-4E1C-B26D-55CF29A30234}"
EndProject
Project("{9A19103F-16F7-4668-BE54-9A1E7A4F7556}") = "GameEstate.App.Unreal", "GameEstate.App.Unreal\GameEstate.App.Unreal.csproj", "{9119282F-1BDD-4C59-84A8-5AA13EEC0D52}"
EndProject
Project("{9A19103F-16F7-4668-BE54-9A1E7A4F7556}") = "GameEstate.Resources", "GameEstate.Resources\GameEstate.Resources.csproj", "{3F5074EC-8088-4AB6-A926-BF7387D6C4F5}"
EndProject
Project("{9A19103F-16F7-4668-BE54-9A1E7A4F7556}") = "GameEstate.Formats.Red", "GameEstate.Formats.Red\GameEstate.Formats.Red.csproj", "{6A6EF16C-804C-4AE7-B280-2D8662CBF380}"
EndProject
Global
	GlobalSection(SolutionConfigurationPlatforms) = preSolution
		Debug|Any CPU = Debug|Any CPU
		Debug|x64 = Debug|x64
		Release|Any CPU = Release|Any CPU
		Release|x64 = Release|x64
	EndGlobalSection
	GlobalSection(ProjectConfigurationPlatforms) = postSolution
		{A73CD2FF-37E0-470C-A984-A62157129417}.Debug|Any CPU.ActiveCfg = Debug|Any CPU
		{A73CD2FF-37E0-470C-A984-A62157129417}.Debug|Any CPU.Build.0 = Debug|Any CPU
		{A73CD2FF-37E0-470C-A984-A62157129417}.Debug|x64.ActiveCfg = Debug|Any CPU
		{A73CD2FF-37E0-470C-A984-A62157129417}.Debug|x64.Build.0 = Debug|Any CPU
		{A73CD2FF-37E0-470C-A984-A62157129417}.Release|Any CPU.ActiveCfg = Release|Any CPU
		{A73CD2FF-37E0-470C-A984-A62157129417}.Release|Any CPU.Build.0 = Release|Any CPU
		{A73CD2FF-37E0-470C-A984-A62157129417}.Release|x64.ActiveCfg = Release|Any CPU
		{A73CD2FF-37E0-470C-A984-A62157129417}.Release|x64.Build.0 = Release|Any CPU
		{A1121100-B59F-4A9C-BC49-3530A72B8D5A}.Debug|Any CPU.ActiveCfg = Debug|Any CPU
		{A1121100-B59F-4A9C-BC49-3530A72B8D5A}.Debug|Any CPU.Build.0 = Debug|Any CPU
		{A1121100-B59F-4A9C-BC49-3530A72B8D5A}.Debug|x64.ActiveCfg = Debug|Any CPU
		{A1121100-B59F-4A9C-BC49-3530A72B8D5A}.Debug|x64.Build.0 = Debug|Any CPU
		{A1121100-B59F-4A9C-BC49-3530A72B8D5A}.Release|Any CPU.ActiveCfg = Release|Any CPU
		{A1121100-B59F-4A9C-BC49-3530A72B8D5A}.Release|Any CPU.Build.0 = Release|Any CPU
		{A1121100-B59F-4A9C-BC49-3530A72B8D5A}.Release|x64.ActiveCfg = Release|Any CPU
		{A1121100-B59F-4A9C-BC49-3530A72B8D5A}.Release|x64.Build.0 = Release|Any CPU
		{9BA30615-1865-4174-A737-5FEC83D982CB}.Debug|Any CPU.ActiveCfg = Debug|Any CPU
		{9BA30615-1865-4174-A737-5FEC83D982CB}.Debug|Any CPU.Build.0 = Debug|Any CPU
		{9BA30615-1865-4174-A737-5FEC83D982CB}.Debug|x64.ActiveCfg = Debug|Any CPU
		{9BA30615-1865-4174-A737-5FEC83D982CB}.Debug|x64.Build.0 = Debug|Any CPU
		{9BA30615-1865-4174-A737-5FEC83D982CB}.Release|Any CPU.ActiveCfg = Release|Any CPU
		{9BA30615-1865-4174-A737-5FEC83D982CB}.Release|Any CPU.Build.0 = Release|Any CPU
		{9BA30615-1865-4174-A737-5FEC83D982CB}.Release|x64.ActiveCfg = Release|Any CPU
		{9BA30615-1865-4174-A737-5FEC83D982CB}.Release|x64.Build.0 = Release|Any CPU
		{F8F2B771-E739-4C39-B099-F81E676C2D29}.Debug|Any CPU.ActiveCfg = Debug|Any CPU
		{F8F2B771-E739-4C39-B099-F81E676C2D29}.Debug|Any CPU.Build.0 = Debug|Any CPU
		{F8F2B771-E739-4C39-B099-F81E676C2D29}.Debug|x64.ActiveCfg = Debug|Any CPU
		{F8F2B771-E739-4C39-B099-F81E676C2D29}.Debug|x64.Build.0 = Debug|Any CPU
		{F8F2B771-E739-4C39-B099-F81E676C2D29}.Release|Any CPU.ActiveCfg = Release|Any CPU
		{F8F2B771-E739-4C39-B099-F81E676C2D29}.Release|Any CPU.Build.0 = Release|Any CPU
		{F8F2B771-E739-4C39-B099-F81E676C2D29}.Release|x64.ActiveCfg = Release|Any CPU
		{F8F2B771-E739-4C39-B099-F81E676C2D29}.Release|x64.Build.0 = Release|Any CPU
		{0590D5FA-7CE8-4794-99BB-00229725151F}.Debug|Any CPU.ActiveCfg = Debug|Any CPU
		{0590D5FA-7CE8-4794-99BB-00229725151F}.Debug|Any CPU.Build.0 = Debug|Any CPU
		{0590D5FA-7CE8-4794-99BB-00229725151F}.Debug|x64.ActiveCfg = Debug|Any CPU
		{0590D5FA-7CE8-4794-99BB-00229725151F}.Debug|x64.Build.0 = Debug|Any CPU
		{0590D5FA-7CE8-4794-99BB-00229725151F}.Release|Any CPU.ActiveCfg = Release|Any CPU
		{0590D5FA-7CE8-4794-99BB-00229725151F}.Release|Any CPU.Build.0 = Release|Any CPU
		{0590D5FA-7CE8-4794-99BB-00229725151F}.Release|x64.ActiveCfg = Release|Any CPU
		{0590D5FA-7CE8-4794-99BB-00229725151F}.Release|x64.Build.0 = Release|Any CPU
		{3B1FD93A-9CF4-4C12-BE3B-A779A56A4C70}.Debug|Any CPU.ActiveCfg = Debug|Any CPU
		{3B1FD93A-9CF4-4C12-BE3B-A779A56A4C70}.Debug|Any CPU.Build.0 = Debug|Any CPU
		{3B1FD93A-9CF4-4C12-BE3B-A779A56A4C70}.Debug|x64.ActiveCfg = Debug|Any CPU
		{3B1FD93A-9CF4-4C12-BE3B-A779A56A4C70}.Debug|x64.Build.0 = Debug|Any CPU
		{3B1FD93A-9CF4-4C12-BE3B-A779A56A4C70}.Release|Any CPU.ActiveCfg = Release|Any CPU
		{3B1FD93A-9CF4-4C12-BE3B-A779A56A4C70}.Release|Any CPU.Build.0 = Release|Any CPU
		{3B1FD93A-9CF4-4C12-BE3B-A779A56A4C70}.Release|x64.ActiveCfg = Release|Any CPU
		{3B1FD93A-9CF4-4C12-BE3B-A779A56A4C70}.Release|x64.Build.0 = Release|Any CPU
		{C13754B8-DB51-47F2-8FD0-D0D81826F4F8}.Debug|Any CPU.ActiveCfg = Debug|Any CPU
		{C13754B8-DB51-47F2-8FD0-D0D81826F4F8}.Debug|Any CPU.Build.0 = Debug|Any CPU
		{C13754B8-DB51-47F2-8FD0-D0D81826F4F8}.Debug|x64.ActiveCfg = Debug|Any CPU
		{C13754B8-DB51-47F2-8FD0-D0D81826F4F8}.Debug|x64.Build.0 = Debug|Any CPU
		{C13754B8-DB51-47F2-8FD0-D0D81826F4F8}.Release|Any CPU.ActiveCfg = Release|Any CPU
		{C13754B8-DB51-47F2-8FD0-D0D81826F4F8}.Release|Any CPU.Build.0 = Release|Any CPU
		{C13754B8-DB51-47F2-8FD0-D0D81826F4F8}.Release|x64.ActiveCfg = Release|Any CPU
		{C13754B8-DB51-47F2-8FD0-D0D81826F4F8}.Release|x64.Build.0 = Release|Any CPU
		{D4451B5A-D418-4A99-9D9B-22674DC3CF51}.Debug|Any CPU.ActiveCfg = Debug|Any CPU
		{D4451B5A-D418-4A99-9D9B-22674DC3CF51}.Debug|Any CPU.Build.0 = Debug|Any CPU
		{D4451B5A-D418-4A99-9D9B-22674DC3CF51}.Debug|x64.ActiveCfg = Debug|Any CPU
		{D4451B5A-D418-4A99-9D9B-22674DC3CF51}.Debug|x64.Build.0 = Debug|Any CPU
		{D4451B5A-D418-4A99-9D9B-22674DC3CF51}.Release|Any CPU.ActiveCfg = Release|Any CPU
		{D4451B5A-D418-4A99-9D9B-22674DC3CF51}.Release|Any CPU.Build.0 = Release|Any CPU
		{D4451B5A-D418-4A99-9D9B-22674DC3CF51}.Release|x64.ActiveCfg = Release|Any CPU
		{D4451B5A-D418-4A99-9D9B-22674DC3CF51}.Release|x64.Build.0 = Release|Any CPU
		{D01F2761-9C4A-4BA2-82BD-2144457C8EC4}.Debug|Any CPU.ActiveCfg = Debug|Any CPU
		{D01F2761-9C4A-4BA2-82BD-2144457C8EC4}.Debug|Any CPU.Build.0 = Debug|Any CPU
		{D01F2761-9C4A-4BA2-82BD-2144457C8EC4}.Debug|x64.ActiveCfg = Debug|Any CPU
		{D01F2761-9C4A-4BA2-82BD-2144457C8EC4}.Debug|x64.Build.0 = Debug|Any CPU
		{D01F2761-9C4A-4BA2-82BD-2144457C8EC4}.Release|Any CPU.ActiveCfg = Release|Any CPU
		{D01F2761-9C4A-4BA2-82BD-2144457C8EC4}.Release|Any CPU.Build.0 = Release|Any CPU
		{D01F2761-9C4A-4BA2-82BD-2144457C8EC4}.Release|x64.ActiveCfg = Release|Any CPU
		{D01F2761-9C4A-4BA2-82BD-2144457C8EC4}.Release|x64.Build.0 = Release|Any CPU
		{5CA07DF8-1CF0-4ACD-B1D9-A6E49F3BD551}.Debug|Any CPU.ActiveCfg = Debug|Any CPU
		{5CA07DF8-1CF0-4ACD-B1D9-A6E49F3BD551}.Debug|Any CPU.Build.0 = Debug|Any CPU
		{5CA07DF8-1CF0-4ACD-B1D9-A6E49F3BD551}.Debug|x64.ActiveCfg = Debug|Any CPU
		{5CA07DF8-1CF0-4ACD-B1D9-A6E49F3BD551}.Debug|x64.Build.0 = Debug|Any CPU
		{5CA07DF8-1CF0-4ACD-B1D9-A6E49F3BD551}.Release|Any CPU.ActiveCfg = Release|Any CPU
		{5CA07DF8-1CF0-4ACD-B1D9-A6E49F3BD551}.Release|Any CPU.Build.0 = Release|Any CPU
		{5CA07DF8-1CF0-4ACD-B1D9-A6E49F3BD551}.Release|x64.ActiveCfg = Release|Any CPU
		{5CA07DF8-1CF0-4ACD-B1D9-A6E49F3BD551}.Release|x64.Build.0 = Release|Any CPU
		{7F08D017-6C49-4747-8194-360AA9CB807C}.Debug|Any CPU.ActiveCfg = Debug|Any CPU
		{7F08D017-6C49-4747-8194-360AA9CB807C}.Debug|Any CPU.Build.0 = Debug|Any CPU
		{7F08D017-6C49-4747-8194-360AA9CB807C}.Debug|x64.ActiveCfg = Debug|Any CPU
		{7F08D017-6C49-4747-8194-360AA9CB807C}.Debug|x64.Build.0 = Debug|Any CPU
		{7F08D017-6C49-4747-8194-360AA9CB807C}.Release|Any CPU.ActiveCfg = Release|Any CPU
		{7F08D017-6C49-4747-8194-360AA9CB807C}.Release|Any CPU.Build.0 = Release|Any CPU
		{7F08D017-6C49-4747-8194-360AA9CB807C}.Release|x64.ActiveCfg = Release|Any CPU
		{7F08D017-6C49-4747-8194-360AA9CB807C}.Release|x64.Build.0 = Release|Any CPU
		{A4D81DFA-6FFA-4E1C-B26D-55CF29A30234}.Debug|Any CPU.ActiveCfg = Debug|Any CPU
		{A4D81DFA-6FFA-4E1C-B26D-55CF29A30234}.Debug|Any CPU.Build.0 = Debug|Any CPU
		{A4D81DFA-6FFA-4E1C-B26D-55CF29A30234}.Debug|x64.ActiveCfg = Debug|Any CPU
		{A4D81DFA-6FFA-4E1C-B26D-55CF29A30234}.Debug|x64.Build.0 = Debug|Any CPU
		{A4D81DFA-6FFA-4E1C-B26D-55CF29A30234}.Release|Any CPU.ActiveCfg = Release|Any CPU
		{A4D81DFA-6FFA-4E1C-B26D-55CF29A30234}.Release|Any CPU.Build.0 = Release|Any CPU
		{A4D81DFA-6FFA-4E1C-B26D-55CF29A30234}.Release|x64.ActiveCfg = Release|Any CPU
		{A4D81DFA-6FFA-4E1C-B26D-55CF29A30234}.Release|x64.Build.0 = Release|Any CPU
		{9119282F-1BDD-4C59-84A8-5AA13EEC0D52}.Debug|Any CPU.ActiveCfg = Debug|Any CPU
		{9119282F-1BDD-4C59-84A8-5AA13EEC0D52}.Debug|Any CPU.Build.0 = Debug|Any CPU
		{9119282F-1BDD-4C59-84A8-5AA13EEC0D52}.Debug|x64.ActiveCfg = Debug|Any CPU
		{9119282F-1BDD-4C59-84A8-5AA13EEC0D52}.Debug|x64.Build.0 = Debug|Any CPU
		{9119282F-1BDD-4C59-84A8-5AA13EEC0D52}.Release|Any CPU.ActiveCfg = Release|Any CPU
		{9119282F-1BDD-4C59-84A8-5AA13EEC0D52}.Release|Any CPU.Build.0 = Release|Any CPU
		{9119282F-1BDD-4C59-84A8-5AA13EEC0D52}.Release|x64.ActiveCfg = Release|Any CPU
		{9119282F-1BDD-4C59-84A8-5AA13EEC0D52}.Release|x64.Build.0 = Release|Any CPU
		{3F5074EC-8088-4AB6-A926-BF7387D6C4F5}.Debug|Any CPU.ActiveCfg = Debug|Any CPU
		{3F5074EC-8088-4AB6-A926-BF7387D6C4F5}.Debug|Any CPU.Build.0 = Debug|Any CPU
		{3F5074EC-8088-4AB6-A926-BF7387D6C4F5}.Debug|x64.ActiveCfg = Debug|Any CPU
		{3F5074EC-8088-4AB6-A926-BF7387D6C4F5}.Debug|x64.Build.0 = Debug|Any CPU
		{3F5074EC-8088-4AB6-A926-BF7387D6C4F5}.Release|Any CPU.ActiveCfg = Release|Any CPU
		{3F5074EC-8088-4AB6-A926-BF7387D6C4F5}.Release|Any CPU.Build.0 = Release|Any CPU
		{3F5074EC-8088-4AB6-A926-BF7387D6C4F5}.Release|x64.ActiveCfg = Release|Any CPU
		{3F5074EC-8088-4AB6-A926-BF7387D6C4F5}.Release|x64.Build.0 = Release|Any CPU
		{6A6EF16C-804C-4AE7-B280-2D8662CBF380}.Debug|Any CPU.ActiveCfg = Debug|Any CPU
		{6A6EF16C-804C-4AE7-B280-2D8662CBF380}.Debug|Any CPU.Build.0 = Debug|Any CPU
		{6A6EF16C-804C-4AE7-B280-2D8662CBF380}.Debug|x64.ActiveCfg = Debug|Any CPU
		{6A6EF16C-804C-4AE7-B280-2D8662CBF380}.Debug|x64.Build.0 = Debug|Any CPU
		{6A6EF16C-804C-4AE7-B280-2D8662CBF380}.Release|Any CPU.ActiveCfg = Release|Any CPU
		{6A6EF16C-804C-4AE7-B280-2D8662CBF380}.Release|Any CPU.Build.0 = Release|Any CPU
		{6A6EF16C-804C-4AE7-B280-2D8662CBF380}.Release|x64.ActiveCfg = Release|Any CPU
		{6A6EF16C-804C-4AE7-B280-2D8662CBF380}.Release|x64.Build.0 = Release|Any CPU
	EndGlobalSection
	GlobalSection(SolutionProperties) = preSolution
		HideSolutionNode = FALSE
	EndGlobalSection
	GlobalSection(NestedProjects) = preSolution
		{C13754B8-DB51-47F2-8FD0-D0D81826F4F8} = {AFB380A5-D6A4-4F27-855B-83067427F08E}
	EndGlobalSection
	GlobalSection(ExtensibilityGlobals) = postSolution
		SolutionGuid = {751994E6-AD00-4136-A949-4BDE63C2F248}
	EndGlobalSection
EndGlobal
