<?xml version="1.0" encoding="utf-8"?>
<Project ToolsVersion="4.0" xmlns="http://schemas.microsoft.com/developer/msbuild/2003">
  <ItemGroup>
    <ClCompile Include="DotQuestJNI.cpp" />
    <ClCompile Include="argtable3.cpp" />
    <ClCompile Include="DotNetHost.cpp" />
  </ItemGroup>
  <ItemGroup>
    <ClInclude Include="DotQuestJNI.h" />
    <ClInclude Include="pch.h" />
  </ItemGroup>
  <ItemGroup>
    <None Include="build.gradle" />
  </ItemGroup>
  <ItemGroup>
    <Filter Include="libs">
      <UniqueIdentifier>{4ee7243a-11ad-40f8-9fc7-ad2914244077}</UniqueIdentifier>
    </Filter>
  </ItemGroup>
  <ItemGroup>
    <Library Include="..\dotquest\libs\libnethost.so">
      <Filter>libs</Filter>
    </Library>
  </ItemGroup>
</Project>